PODS:
  - Realm (3.6.0):
    - Realm/Headers (= 3.6.0)
  - Realm/Headers (3.6.0)
  - RealmSwift (3.6.0):
    - Realm (= 3.6.0)
  - SVProgressHUD (2.2.5)
  - SwiftyJSON (4.1.0)

DEPENDENCIES:
<<<<<<< HEAD
  - Realm
=======
>>>>>>> REALM
  - RealmSwift
  - SVProgressHUD
  - SwiftyJSON

SPEC REPOS:
  https://github.com/cocoapods/specs.git:
    - Realm
    - RealmSwift
    - SVProgressHUD
    - SwiftyJSON

SPEC CHECKSUMS:
  Realm: 08b464b462d4f31bbd4ba5f5a1c8722ef0a700b7
  RealmSwift: 973e1499c44ab571f894c2c908e2db450be280c3
  SVProgressHUD: 1428aafac632c1f86f62aa4243ec12008d7a51d6
  SwiftyJSON: c29297daf073d2aa016295d5809cdd68045c39b3

<<<<<<< HEAD
PODFILE CHECKSUM: 5876431374696f40e9b19fe3e9d8896f0d0a2828
=======
PODFILE CHECKSUM: c0ab84bb8550ba70754c3f0febc3da24257683b2
>>>>>>> REALM

COCOAPODS: 1.5.3
